PODS:
  - CJScrollPage (1.0.12):
    - CJScrollPage/ScrollPage (= 1.0.12)
  - CJScrollPage/ScrollPage (1.0.12)

DEPENDENCIES:
  - CJScrollPage (from `../`)

EXTERNAL SOURCES:
  CJScrollPage:
    :path: "../"

SPEC CHECKSUMS:
  CJScrollPage: c2b47d8d2977adbe24ad8f2d5ba98bc5070d9849

PODFILE CHECKSUM: 0981b63bb6341b3c1e81ce1a5f438d4bb70cc160

COCOAPODS: 1.10.0
