PODS:
  - CJScrollPage (1.0.6):
    - CJScrollPage/scrollpage (= 1.0.6)
  - CJScrollPage/scrollpage (1.0.6)

DEPENDENCIES:
  - CJScrollPage (from `../`)

EXTERNAL SOURCES:
  CJScrollPage:
    :path: "../"

SPEC CHECKSUMS:
  CJScrollPage: 5ffd2503e316f719efbd26e98d20fca5eb58d2d5

PODFILE CHECKSUM: 0981b63bb6341b3c1e81ce1a5f438d4bb70cc160

COCOAPODS: 1.10.0
