PODS:
  - CJScrollPage (1.0.14):
    - CJScrollPage/ScrollPage (= 1.0.14)
  - CJScrollPage/ScrollPage (1.0.14)

DEPENDENCIES:
  - CJScrollPage (from `../`)

EXTERNAL SOURCES:
  CJScrollPage:
    :path: "../"

SPEC CHECKSUMS:
  CJScrollPage: 2db092925d53c5b2d427a58541dfadd62957a5a1

PODFILE CHECKSUM: 0981b63bb6341b3c1e81ce1a5f438d4bb70cc160

COCOAPODS: 1.10.0
